<?xml version="1.0" encoding="utf-8"?>
<Project ToolsVersion="4.0" xmlns="http://schemas.microsoft.com/developer/msbuild/2003">
  <ItemGroup>
    <Filter Include="Source Files">
      <UniqueIdentifier>{4FC737F1-C7A5-4376-A066-2A32D752A2FF}</UniqueIdentifier>
      <Extensions>cpp;c;cc;cxx;def;odl;idl;hpj;bat;asm;asmx</Extensions>
    </Filter>
    <Filter Include="Header Files">
      <UniqueIdentifier>{93995380-89BD-4b04-88EB-625FBE52EBFB}</UniqueIdentifier>
      <Extensions>h;hpp;hxx;hm;inl;inc;xsd</Extensions>
    </Filter>
    <Filter Include="Resource Files">
      <UniqueIdentifier>{67DA6AB6-F800-4c08-8B7A-83BB121AAD01}</UniqueIdentifier>
      <Extensions>rc;ico;cur;bmp;dlg;rc2;rct;bin;rgs;gif;jpg;jpeg;jpe;resx;tiff;tif;png;wav;mfcribbon-ms</Extensions>
    </Filter>
  </ItemGroup>
  <ItemGroup>
    <ClCompile Include="Source\MathTools.cpp">
      <Filter>Source Files</Filter>
    </ClCompile>
    <ClCompile Include="Source\noiseutils.cpp">
      <Filter>Source Files</Filter>
    </ClCompile>
    <ClCompile Include="Source\PgVertexArray.cpp">
      <Filter>Source Files</Filter>
    </ClCompile>
    <ClCompile Include="Source\PgTriangle.cpp">
      <Filter>Source Files</Filter>
    </ClCompile>
    <ClCompile Include="Source\PgVertex.cpp">
      <Filter>Source Files</Filter>
    </ClCompile>
    <ClCompile Include="Source\PgROAMPlanet.cpp">
      <Filter>Source Files</Filter>
    </ClCompile>
    <ClCompile Include="Source\PgDiamond.cpp">
      <Filter>Source Files</Filter>
    </ClCompile>
    <ClCompile Include="Source\PgPlanetStrategyRandom.cpp">
      <Filter>Source Files</Filter>
    </ClCompile>
    <ClCompile Include="Source\PgPlanetStrategyFlat.cpp">
      <Filter>Source Files</Filter>
    </ClCompile>
    <ClCompile Include="Source\PgColorScheme.cpp">
      <Filter>Source Files</Filter>
    </ClCompile>
    <ClCompile Include="Source\PgCraterModule.cpp">
      <Filter>Source Files</Filter>
    </ClCompile>
    <ClCompile Include="Source\PgTerrainModule.cpp">
      <Filter>Source Files</Filter>
    </ClCompile>
    <ClCompile Include="Source\PgPlanetModule.cpp">
      <Filter>Source Files</Filter>
    </ClCompile>
  </ItemGroup>
  <ItemGroup>
    <ClInclude Include="Include\MathTools.h">
      <Filter>Header Files</Filter>
    </ClInclude>
    <ClInclude Include="Include\noiseutils.h">
      <Filter>Header Files</Filter>
    </ClInclude>
    <ClInclude Include="Include\PgVertexArray.h">
      <Filter>Header Files</Filter>
    </ClInclude>
    <ClInclude Include="Include\LinkedList.h">
      <Filter>Header Files</Filter>
    </ClInclude>
    <ClInclude Include="Include\PgROAMPlanet.h">
      <Filter>Header Files</Filter>
    </ClInclude>
    <ClInclude Include="Include\PgTriangle.h">
      <Filter>Header Files</Filter>
    </ClInclude>
    <ClInclude Include="Include\PgVertex.h">
      <Filter>Header Files</Filter>
    </ClInclude>
    <ClInclude Include="Include\PgVector3.h">
      <Filter>Header Files</Filter>
    </ClInclude>
    <ClInclude Include="Include\IPgRenderable.h">
      <Filter>Header Files</Filter>
    </ClInclude>
    <ClInclude Include="Include\IPgRenderer.h">
      <Filter>Header Files</Filter>
    </ClInclude>
    <ClInclude Include="Include\PgDiamond.h">
      <Filter>Header Files</Filter>
    </ClInclude>
    <ClInclude Include="Include\IPgCamera.h">
      <Filter>Header Files</Filter>
    </ClInclude>
    <ClInclude Include="Include\PgConstants.h">
      <Filter>Header Files</Filter>
    </ClInclude>
    <ClInclude Include="Include\PgPlanetStrategy.h">
      <Filter>Header Files</Filter>
    </ClInclude>
    <ClInclude Include="Include\PgPlanetStrategyRandom.h">
      <Filter>Header Files</Filter>
    </ClInclude>
    <ClInclude Include="Include\PgPlanetStrategyFlat.h">
      <Filter>Header Files</Filter>
    </ClInclude>
    <ClInclude Include="Include\PgColorScheme.h">
      <Filter>Header Files</Filter>
    </ClInclude>
    <ClInclude Include="Include\PgPlanetAttributes.h">
      <Filter>Header Files</Filter>
    </ClInclude>
    <ClInclude Include="Include\PgCraterModule.h">
      <Filter>Header Files</Filter>
    </ClInclude>
    <ClInclude Include="Include\PgTerrainModule.h">
      <Filter>Header Files</Filter>
    </ClInclude>
    <ClInclude Include="Include\PgPlanetModule.h">
      <Filter>Header Files</Filter>
    </ClInclude>
  </ItemGroup>
</Project>